
Microsoft Visual Studio Solution File, Format Version 12.00
# Visual Studio Version 16
VisualStudioVersion = 16.0.32901.82
MinimumVisualStudioVersion = 10.0.40219.1
Project("{9092AA53-FB77-4645-B42D-1CCCA6BD08BD}") = "TodoVue", "TodoVue\TodoVue.njsproj", "{C234E638-6F69-422B-A9B8-B40AE16CE664}"
EndProject
Global
	GlobalSection(SolutionConfigurationPlatforms) = preSolution
		Debug|Any CPU = Debug|Any CPU
		Release|Any CPU = Release|Any CPU
	EndGlobalSection
	GlobalSection(ProjectConfigurationPlatforms) = postSolution
		{C234E638-6F69-422B-A9B8-B40AE16CE664}.Debug|Any CPU.ActiveCfg = Debug|Any CPU
		{C234E638-6F69-422B-A9B8-B40AE16CE664}.Debug|Any CPU.Build.0 = Debug|Any CPU
		{C234E638-6F69-422B-A9B8-B40AE16CE664}.Release|Any CPU.ActiveCfg = Release|Any CPU
		{C234E638-6F69-422B-A9B8-B40AE16CE664}.Release|Any CPU.Build.0 = Release|Any CPU
	EndGlobalSection
	GlobalSection(SolutionProperties) = preSolution
		HideSolutionNode = FALSE
	EndGlobalSection
	GlobalSection(ExtensibilityGlobals) = postSolution
		SolutionGuid = {26C39683-7068-4E63-A559-0F4B4B004997}
	EndGlobalSection
EndGlobal
